// !$*UTF8*$!
{
	archiveVersion = 1;
	classes = {
	};
	objectVersion = 48;
	objects = {

/* Begin PBXBuildFile section */
		6F959D8E2064279C00C7B971 /* AppDelegate.swift in Sources */ = {isa = PBXBuildFile; fileRef = 6F959D8D2064279C00C7B971 /* AppDelegate.swift */; };
		6F959D902064279C00C7B971 /* ViewController.swift in Sources */ = {isa = PBXBuildFile; fileRef = 6F959D8F2064279C00C7B971 /* ViewController.swift */; };
		6F959D932064279C00C7B971 /* Main.storyboard in Resources */ = {isa = PBXBuildFile; fileRef = 6F959D912064279C00C7B971 /* Main.storyboard */; };
		6F959D962064279C00C7B971 /* Practice.xcdatamodeld in Sources */ = {isa = PBXBuildFile; fileRef = 6F959D942064279C00C7B971 /* Practice.xcdatamodeld */; };
		6F959D982064279C00C7B971 /* Assets.xcassets in Resources */ = {isa = PBXBuildFile; fileRef = 6F959D972064279C00C7B971 /* Assets.xcassets */; };
		6F959D9B2064279C00C7B971 /* LaunchScreen.storyboard in Resources */ = {isa = PBXBuildFile; fileRef = 6F959D992064279C00C7B971 /* LaunchScreen.storyboard */; };
		6F959DA62064279C00C7B971 /* PracticeTests.swift in Sources */ = {isa = PBXBuildFile; fileRef = 6F959DA52064279C00C7B971 /* PracticeTests.swift */; };
		6F959DB12064279C00C7B971 /* PracticeUITests.swift in Sources */ = {isa = PBXBuildFile; fileRef = 6F959DB02064279C00C7B971 /* PracticeUITests.swift */; };
/* End PBXBuildFile section */

/* Begin PBXContainerItemProxy section */
		6F959DA22064279C00C7B971 /* PBXContainerItemProxy */ = {
			isa = PBXContainerItemProxy;
			containerPortal = 6F959D822064279C00C7B971 /* Project object */;
			proxyType = 1;
			remoteGlobalIDString = 6F959D892064279C00C7B971;
			remoteInfo = Practice;
		};
		6F959DAD2064279C00C7B971 /* PBXContainerItemProxy */ = {
			isa = PBXContainerItemProxy;
			containerPortal = 6F959D822064279C00C7B971 /* Project object */;
			proxyType = 1;
			remoteGlobalIDString = 6F959D892064279C00C7B971;
			remoteInfo = Practice;
		};
/* End PBXContainerItemProxy section */

/* Begin PBXFileReference section */
		6F959D8A2064279C00C7B971 /* Practice.app */ = {isa = PBXFileReference; explicitFileType = wrapper.application; includeInIndex = 0; path = Practice.app; sourceTree = BUILT_PRODUCTS_DIR; };
		6F959D8D2064279C00C7B971 /* AppDelegate.swift */ = {isa = PBXFileReference; lastKnownFileType = sourcecode.swift; path = AppDelegate.swift; sourceTree = "<group>"; };
		6F959D8F2064279C00C7B971 /* ViewController.swift */ = {isa = PBXFileReference; lastKnownFileType = sourcecode.swift; path = ViewController.swift; sourceTree = "<group>"; };
		6F959D922064279C00C7B971 /* Base */ = {isa = PBXFileReference; lastKnownFileType = file.storyboard; name = Base; path = Base.lproj/Main.storyboard; sourceTree = "<group>"; };
		6F959D952064279C00C7B971 /* Practice.xcdatamodel */ = {isa = PBXFileReference; lastKnownFileType = wrapper.xcdatamodel; path = Practice.xcdatamodel; sourceTree = "<group>"; };
		6F959D972064279C00C7B971 /* Assets.xcassets */ = {isa = PBXFileReference; lastKnownFileType = folder.assetcatalog; path = Assets.xcassets; sourceTree = "<group>"; };
		6F959D9A2064279C00C7B971 /* Base */ = {isa = PBXFileReference; lastKnownFileType = file.storyboard; name = Base; path = Base.lproj/LaunchScreen.storyboard; sourceTree = "<group>"; };
		6F959D9C2064279C00C7B971 /* Info.plist */ = {isa = PBXFileReference; lastKnownFileType = text.plist.xml; path = Info.plist; sourceTree = "<group>"; };
		6F959DA12064279C00C7B971 /* PracticeTests.xctest */ = {isa = PBXFileReference; explicitFileType = wrapper.cfbundle; includeInIndex = 0; path = PracticeTests.xctest; sourceTree = BUILT_PRODUCTS_DIR; };
		6F959DA52064279C00C7B971 /* PracticeTests.swift */ = {isa = PBXFileReference; lastKnownFileType = sourcecode.swift; path = PracticeTests.swift; sourceTree = "<group>"; };
		6F959DA72064279C00C7B971 /* Info.plist */ = {isa = PBXFileReference; lastKnownFileType = text.plist.xml; path = Info.plist; sourceTree = "<group>"; };
		6F959DAC2064279C00C7B971 /* PracticeUITests.xctest */ = {isa = PBXFileReference; explicitFileType = wrapper.cfbundle; includeInIndex = 0; path = PracticeUITests.xctest; sourceTree = BUILT_PRODUCTS_DIR; };
		6F959DB02064279C00C7B971 /* PracticeUITests.swift */ = {isa = PBXFileReference; lastKnownFileType = sourcecode.swift; path = PracticeUITests.swift; sourceTree = "<group>"; };
		6F959DB22064279C00C7B971 /* Info.plist */ = {isa = PBXFileReference; lastKnownFileType = text.plist.xml; path = Info.plist; sourceTree = "<group>"; };
/* End PBXFileReference section */

/* Begin PBXFrameworksBuildPhase section */
		6F959D872064279C00C7B971 /* Frameworks */ = {
			isa = PBXFrameworksBuildPhase;
			buildActionMask = 2147483647;
			files = (
			);
			runOnlyForDeploymentPostprocessing = 0;
		};
		6F959D9E2064279C00C7B971 /* Frameworks */ = {
			isa = PBXFrameworksBuildPhase;
			buildActionMask = 2147483647;
			files = (
			);
			runOnlyForDeploymentPostprocessing = 0;
		};
		6F959DA92064279C00C7B971 /* Frameworks */ = {
			isa = PBXFrameworksBuildPhase;
			buildActionMask = 2147483647;
			files = (
			);
			runOnlyForDeploymentPostprocessing = 0;
		};
/* End PBXFrameworksBuildPhase section */

/* Begin PBXGroup section */
		6F959D812064279C00C7B971 = {
			isa = PBXGroup;
			children = (
				6F959D8C2064279C00C7B971 /* Practice */,
				6F959DA42064279C00C7B971 /* PracticeTests */,
				6F959DAF2064279C00C7B971 /* PracticeUITests */,
				6F959D8B2064279C00C7B971 /* Products */,
			);
			sourceTree = "<group>";
		};
		6F959D8B2064279C00C7B971 /* Products */ = {
			isa = PBXGroup;
			children = (
				6F959D8A2064279C00C7B971 /* Practice.app */,
				6F959DA12064279C00C7B971 /* PracticeTests.xctest */,
				6F959DAC2064279C00C7B971 /* PracticeUITests.xctest */,
			);
			name = Products;
			sourceTree = "<group>";
		};
		6F959D8C2064279C00C7B971 /* Practice */ = {
			isa = PBXGroup;
			children = (
				6F959D8D2064279C00C7B971 /* AppDelegate.swift */,
				6F959D8F2064279C00C7B971 /* ViewController.swift */,
				6F959D912064279C00C7B971 /* Main.storyboard */,
				6F959D972064279C00C7B971 /* Assets.xcassets */,
				6F959D992064279C00C7B971 /* LaunchScreen.storyboard */,
				6F959D9C2064279C00C7B971 /* Info.plist */,
				6F959D942064279C00C7B971 /* Practice.xcdatamodeld */,
			);
			path = Practice;
			sourceTree = "<group>";
		};
		6F959DA42064279C00C7B971 /* PracticeTests */ = {
			isa = PBXGroup;
			children = (
				6F959DA52064279C00C7B971 /* PracticeTests.swift */,
				6F959DA72064279C00C7B971 /* Info.plist */,
			);
			path = PracticeTests;
			sourceTree = "<group>";
		};
		6F959DAF2064279C00C7B971 /* PracticeUITests */ = {
			isa = PBXGroup;
			children = (
				6F959DB02064279C00C7B971 /* PracticeUITests.swift */,
				6F959DB22064279C00C7B971 /* Info.plist */,
			);
			path = PracticeUITests;
			sourceTree = "<group>";
		};
/* End PBXGroup section */

/* Begin PBXNativeTarget section */
		6F959D892064279C00C7B971 /* Practice */ = {
			isa = PBXNativeTarget;
			buildConfigurationList = 6F959DB52064279C00C7B971 /* Build configuration list for PBXNativeTarget "Practice" */;
			buildPhases = (
				6F959D862064279C00C7B971 /* Sources */,
				6F959D872064279C00C7B971 /* Frameworks */,
				6F959D882064279C00C7B971 /* Resources */,
			);
			buildRules = (
			);
			dependencies = (
			);
			name = Practice;
			productName = Practice;
			productReference = 6F959D8A2064279C00C7B971 /* Practice.app */;
			productType = "com.apple.product-type.application";
		};
		6F959DA02064279C00C7B971 /* PracticeTests */ = {
			isa = PBXNativeTarget;
			buildConfigurationList = 6F959DB82064279C00C7B971 /* Build configuration list for PBXNativeTarget "PracticeTests" */;
			buildPhases = (
				6F959D9D2064279C00C7B971 /* Sources */,
				6F959D9E2064279C00C7B971 /* Frameworks */,
				6F959D9F2064279C00C7B971 /* Resources */,
			);
			buildRules = (
			);
			dependencies = (
				6F959DA32064279C00C7B971 /* PBXTargetDependency */,
			);
			name = PracticeTests;
			productName = PracticeTests;
			productReference = 6F959DA12064279C00C7B971 /* PracticeTests.xctest */;
			productType = "com.apple.product-type.bundle.unit-test";
		};
		6F959DAB2064279C00C7B971 /* PracticeUITests */ = {
			isa = PBXNativeTarget;
			buildConfigurationList = 6F959DBB2064279C00C7B971 /* Build configuration list for PBXNativeTarget "PracticeUITests" */;
			buildPhases = (
				6F959DA82064279C00C7B971 /* Sources */,
				6F959DA92064279C00C7B971 /* Frameworks */,
				6F959DAA2064279C00C7B971 /* Resources */,
			);
			buildRules = (
			);
			dependencies = (
				6F959DAE2064279C00C7B971 /* PBXTargetDependency */,
			);
			name = PracticeUITests;
			productName = PracticeUITests;
			productReference = 6F959DAC2064279C00C7B971 /* PracticeUITests.xctest */;
			productType = "com.apple.product-type.bundle.ui-testing";
		};
/* End PBXNativeTarget section */

/* Begin PBXProject section */
		6F959D822064279C00C7B971 /* Project object */ = {
			isa = PBXProject;
			attributes = {
				LastSwiftUpdateCheck = 0920;
				LastUpgradeCheck = 0920;
				ORGANIZATIONNAME = "Ian Yang";
				TargetAttributes = {
					6F959D892064279C00C7B971 = {
						CreatedOnToolsVersion = 9.2;
						ProvisioningStyle = Automatic;
					};
					6F959DA02064279C00C7B971 = {
						CreatedOnToolsVersion = 9.2;
						ProvisioningStyle = Automatic;
						TestTargetID = 6F959D892064279C00C7B971;
					};
					6F959DAB2064279C00C7B971 = {
						CreatedOnToolsVersion = 9.2;
						ProvisioningStyle = Automatic;
						TestTargetID = 6F959D892064279C00C7B971;
					};
				};
			};
			buildConfigurationList = 6F959D852064279C00C7B971 /* Build configuration list for PBXProject "Practice" */;
			compatibilityVersion = "Xcode 8.0";
			developmentRegion = en;
			hasScannedForEncodings = 0;
			knownRegions = (
				en,
				Base,
			);
			mainGroup = 6F959D812064279C00C7B971;
			productRefGroup = 6F959D8B2064279C00C7B971 /* Products */;
			projectDirPath = "";
			projectRoot = "";
			targets = (
				6F959D892064279C00C7B971 /* Practice */,
				6F959DA02064279C00C7B971 /* PracticeTests */,
				6F959DAB2064279C00C7B971 /* PracticeUITests */,
			);
		};
/* End PBXProject section */

/* Begin PBXResourcesBuildPhase section */
		6F959D882064279C00C7B971 /* Resources */ = {
			isa = PBXResourcesBuildPhase;
			buildActionMask = 2147483647;
			files = (
				6F959D9B2064279C00C7B971 /* LaunchScreen.storyboard in Resources */,
				6F959D982064279C00C7B971 /* Assets.xcassets in Resources */,
				6F959D932064279C00C7B971 /* Main.storyboard in Resources */,
			);
			runOnlyForDeploymentPostprocessing = 0;
		};
		6F959D9F2064279C00C7B971 /* Resources */ = {
			isa = PBXResourcesBuildPhase;
			buildActionMask = 2147483647;
			files = (
			);
			runOnlyForDeploymentPostprocessing = 0;
		};
		6F959DAA2064279C00C7B971 /* Resources */ = {
			isa = PBXResourcesBuildPhase;
			buildActionMask = 2147483647;
			files = (
			);
			runOnlyForDeploymentPostprocessing = 0;
		};
/* End PBXResourcesBuildPhase section */

/* Begin PBXSourcesBuildPhase section */
		6F959D862064279C00C7B971 /* Sources */ = {
			isa = PBXSourcesBuildPhase;
			buildActionMask = 2147483647;
			files = (
				6F959D902064279C00C7B971 /* ViewController.swift in Sources */,
				6F959D8E2064279C00C7B971 /* AppDelegate.swift in Sources */,
				6F959D962064279C00C7B971 /* Practice.xcdatamodeld in Sources */,
			);
			runOnlyForDeploymentPostprocessing = 0;
		};
		6F959D9D2064279C00C7B971 /* Sources */ = {
			isa = PBXSourcesBuildPhase;
			buildActionMask = 2147483647;
			files = (
				6F959DA62064279C00C7B971 /* PracticeTests.swift in Sources */,
			);
			runOnlyForDeploymentPostprocessing = 0;
		};
		6F959DA82064279C00C7B971 /* Sources */ = {
			isa = PBXSourcesBuildPhase;
			buildActionMask = 2147483647;
			files = (
				6F959DB12064279C00C7B971 /* PracticeUITests.swift in Sources */,
			);
			runOnlyForDeploymentPostprocessing = 0;
		};
/* End PBXSourcesBuildPhase section */

/* Begin PBXTargetDependency section */
		6F959DA32064279C00C7B971 /* PBXTargetDependency */ = {
			isa = PBXTargetDependency;
			target = 6F959D892064279C00C7B971 /* Practice */;
			targetProxy = 6F959DA22064279C00C7B971 /* PBXContainerItemProxy */;
		};
		6F959DAE2064279C00C7B971 /* PBXTargetDependency */ = {
			isa = PBXTargetDependency;
			target = 6F959D892064279C00C7B971 /* Practice */;
			targetProxy = 6F959DAD2064279C00C7B971 /* PBXContainerItemProxy */;
		};
/* End PBXTargetDependency section */

/* Begin PBXVariantGroup section */
		6F959D912064279C00C7B971 /* Main.storyboard */ = {
			isa = PBXVariantGroup;
			children = (
				6F959D922064279C00C7B971 /* Base */,
			);
			name = Main.storyboard;
			sourceTree = "<group>";
		};
		6F959D992064279C00C7B971 /* LaunchScreen.storyboard */ = {
			isa = PBXVariantGroup;
			children = (
				6F959D9A2064279C00C7B971 /* Base */,
			);
			name = LaunchScreen.storyboard;
			sourceTree = "<group>";
		};
/* End PBXVariantGroup section */

/* Begin XCBuildConfiguration section */
		6F959DB32064279C00C7B971 /* Debug */ = {
			isa = XCBuildConfiguration;
			buildSettings = {
				ALWAYS_SEARCH_USER_PATHS = NO;
				CLANG_ANALYZER_NONNULL = YES;
				CLANG_ANALYZER_NUMBER_OBJECT_CONVERSION = YES_AGGRESSIVE;
				CLANG_CXX_LANGUAGE_STANDARD = "gnu++14";
				CLANG_CXX_LIBRARY = "libc++";
				CLANG_ENABLE_MODULES = YES;
				CLANG_ENABLE_OBJC_ARC = YES;
				CLANG_WARN_BLOCK_CAPTURE_AUTORELEASING = YES;
				CLANG_WARN_BOOL_CONVERSION = YES;
				CLANG_WARN_COMMA = YES;
				CLANG_WARN_CONSTANT_CONVERSION = YES;
				CLANG_WARN_DIRECT_OBJC_ISA_USAGE = YES_ERROR;
				CLANG_WARN_DOCUMENTATION_COMMENTS = YES;
				CLANG_WARN_EMPTY_BODY = YES;
				CLANG_WARN_ENUM_CONVERSION = YES;
				CLANG_WARN_INFINITE_RECURSION = YES;
				CLANG_WARN_INT_CONVERSION = YES;
				CLANG_WARN_NON_LITERAL_NULL_CONVERSION = YES;
				CLANG_WARN_OBJC_LITERAL_CONVERSION = YES;
				CLANG_WARN_OBJC_ROOT_CLASS = YES_ERROR;
				CLANG_WARN_RANGE_LOOP_ANALYSIS = YES;
				CLANG_WARN_STRICT_PROTOTYPES = YES;
				CLANG_WARN_SUSPICIOUS_MOVE = YES;
				CLANG_WARN_UNGUARDED_AVAILABILITY = YES_AGGRESSIVE;
				CLANG_WARN_UNREACHABLE_CODE = YES;
				CLANG_WARN__DUPLICATE_METHOD_MATCH = YES;
				CODE_SIGN_IDENTITY = "iPhone Developer";
				COPY_PHASE_STRIP = NO;
				DEBUG_INFORMATION_FORMAT = dwarf;
				ENABLE_STRICT_OBJC_MSGSEND = YES;
				ENABLE_TESTABILITY = YES;
				GCC_C_LANGUAGE_STANDARD = gnu11;
				GCC_DYNAMIC_NO_PIC = NO;
				GCC_NO_COMMON_BLOCKS = YES;
				GCC_OPTIMIZATION_LEVEL = 0;
				GCC_PREPROCESSOR_DEFINITIONS = (
					"DEBUG=1",
					"$(inherited)",
				);
				GCC_WARN_64_TO_32_BIT_CONVERSION = YES;
				GCC_WARN_ABOUT_RETURN_TYPE = YES_ERROR;
				GCC_WARN_UNDECLARED_SELECTOR = YES;
				GCC_WARN_UNINITIALIZED_AUTOS = YES_AGGRESSIVE;
				GCC_WARN_UNUSED_FUNCTION = YES;
				GCC_WARN_UNUSED_VARIABLE = YES;
				IPHONEOS_DEPLOYMENT_TARGET = 11.2;
				MTL_ENABLE_DEBUG_INFO = YES;
				ONLY_ACTIVE_ARCH = YES;
				SDKROOT = iphoneos;
				SWIFT_ACTIVE_COMPILATION_CONDITIONS = DEBUG;
				SWIFT_OPTIMIZATION_LEVEL = "-Onone";
			};
			name = Debug;
		};
		6F959DB42064279C00C7B971 /* Release */ = {
			isa = XCBuildConfiguration;
			buildSettings = {
				ALWAYS_SEARCH_USER_PATHS = NO;
				CLANG_ANALYZER_NONNULL = YES;
				CLANG_ANALYZER_NUMBER_OBJECT_CONVERSION = YES_AGGRESSIVE;
				CLANG_CXX_LANGUAGE_STANDARD = "gnu++14";
				CLANG_CXX_LIBRARY = "libc++";
				CLANG_ENABLE_MODULES = YES;
				CLANG_ENABLE_OBJC_ARC = YES;
				CLANG_WARN_BLOCK_CAPTURE_AUTORELEASING = YES;
				CLANG_WARN_BOOL_CONVERSION = YES;
				CLANG_WARN_COMMA = YES;
				CLANG_WARN_CONSTANT_CONVERSION = YES;
				CLANG_WARN_DIRECT_OBJC_ISA_USAGE = YES_ERROR;
				CLANG_WARN_DOCUMENTATION_COMMENTS = YES;
				CLANG_WARN_EMPTY_BODY = YES;
				CLANG_WARN_ENUM_CONVERSION = YES;
				CLANG_WARN_INFINITE_RECURSION = YES;
				CLANG_WARN_INT_CONVERSION = YES;
				CLANG_WARN_NON_LITERAL_NULL_CONVERSION = YES;
				CLANG_WARN_OBJC_LITERAL_CONVERSION = YES;
				CLANG_WARN_OBJC_ROOT_CLASS = YES_ERROR;
				CLANG_WARN_RANGE_LOOP_ANALYSIS = YES;
				CLANG_WARN_STRICT_PROTOTYPES = YES;
				CLANG_WARN_SUSPICIOUS_MOVE = YES;
				CLANG_WARN_UNGUARDED_AVAILABILITY = YES_AGGRESSIVE;
				CLANG_WARN_UNREACHABLE_CODE = YES;
				CLANG_WARN__DUPLICATE_METHOD_MATCH = YES;
				CODE_SIGN_IDENTITY = "iPhone Developer";
				COPY_PHASE_STRIP = NO;
				DEBUG_INFORMATION_FORMAT = "dwarf-with-dsym";
				ENABLE_NS_ASSERTIONS = NO;
				ENABLE_STRICT_OBJC_MSGSEND = YES;
				GCC_C_LANGUAGE_STANDARD = gnu11;
				GCC_NO_COMMON_BLOCKS = YES;
				GCC_WARN_64_TO_32_BIT_CONVERSION = YES;
				GCC_WARN_ABOUT_RETURN_TYPE = YES_ERROR;
				GCC_WARN_UNDECLARED_SELECTOR = YES;
				GCC_WARN_UNINITIALIZED_AUTOS = YES_AGGRESSIVE;
				GCC_WARN_UNUSED_FUNCTION = YES;
				GCC_WARN_UNUSED_VARIABLE = YES;
				IPHONEOS_DEPLOYMENT_TARGET = 11.2;
				MTL_ENABLE_DEBUG_INFO = NO;
				SDKROOT = iphoneos;
				SWIFT_OPTIMIZATION_LEVEL = "-Owholemodule";
				VALIDATE_PRODUCT = YES;
			};
			name = Release;
		};
		6F959DB62064279C00C7B971 /* Debug */ = {
			isa = XCBuildConfiguration;
			buildSettings = {
				ASSETCATALOG_COMPILER_APPICON_NAME = AppIcon;
				CODE_SIGN_STYLE = Automatic;
				INFOPLIST_FILE = Practice/Info.plist;
				LD_RUNPATH_SEARCH_PATHS = "$(inherited) @executable_path/Frameworks";
				PRODUCT_BUNDLE_IDENTIFIER = com.mycompany.Practice;
				PRODUCT_NAME = "$(TARGET_NAME)";
				SWIFT_VERSION = 4.0;
				TARGETED_DEVICE_FAMILY = "1,2";
			};
			name = Debug;
		};
		6F959DB72064279C00C7B971 /* Release */ = {
			isa = XCBuildConfiguration;
			buildSettings = {
				ASSETCATALOG_COMPILER_APPICON_NAME = AppIcon;
				CODE_SIGN_STYLE = Automatic;
				INFOPLIST_FILE = Practice/Info.plist;
				LD_RUNPATH_SEARCH_PATHS = "$(inherited) @executable_path/Frameworks";
				PRODUCT_BUNDLE_IDENTIFIER = com.mycompany.Practice;
				PRODUCT_NAME = "$(TARGET_NAME)";
				SWIFT_VERSION = 4.0;
				TARGETED_DEVICE_FAMILY = "1,2";
			};
			name = Release;
		};
		6F959DB92064279C00C7B971 /* Debug */ = {
			isa = XCBuildConfiguration;
			buildSettings = {
				ALWAYS_EMBED_SWIFT_STANDARD_LIBRARIES = YES;
				BUNDLE_LOADER = "$(TEST_HOST)";
				CODE_SIGN_STYLE = Automatic;
				INFOPLIST_FILE = PracticeTests/Info.plist;
				LD_RUNPATH_SEARCH_PATHS = "$(inherited) @executable_path/Frameworks @loader_path/Frameworks";
				PRODUCT_BUNDLE_IDENTIFIER = com.mycompany.PracticeTests;
				PRODUCT_NAME = "$(TARGET_NAME)";
				SWIFT_VERSION = 4.0;
				TARGETED_DEVICE_FAMILY = "1,2";
				TEST_HOST = "$(BUILT_PRODUCTS_DIR)/Practice.app/Practice";
			};
			name = Debug;
		};
		6F959DBA2064279C00C7B971 /* Release */ = {
			isa = XCBuildConfiguration;
			buildSettings = {
				ALWAYS_EMBED_SWIFT_STANDARD_LIBRARIES = YES;
				BUNDLE_LOADER = "$(TEST_HOST)";
				CODE_SIGN_STYLE = Automatic;
				INFOPLIST_FILE = PracticeTests/Info.plist;
				LD_RUNPATH_SEARCH_PATHS = "$(inherited) @executable_path/Frameworks @loader_path/Frameworks";
				PRODUCT_BUNDLE_IDENTIFIER = com.mycompany.PracticeTests;
				PRODUCT_NAME = "$(TARGET_NAME)";
				SWIFT_VERSION = 4.0;
				TARGETED_DEVICE_FAMILY = "1,2";
				TEST_HOST = "$(BUILT_PRODUCTS_DIR)/Practice.app/Practice";
			};
			name = Release;
		};
		6F959DBC2064279C00C7B971 /* Debug */ = {
			isa = XCBuildConfiguration;
			buildSettings = {
				ALWAYS_EMBED_SWIFT_STANDARD_LIBRARIES = YES;
				CODE_SIGN_STYLE = Automatic;
				INFOPLIST_FILE = PracticeUITests/Info.plist;
				LD_RUNPATH_SEARCH_PATHS = "$(inherited) @executable_path/Frameworks @loader_path/Frameworks";
				PRODUCT_BUNDLE_IDENTIFIER = com.mycompany.PracticeUITests;
				PRODUCT_NAME = "$(TARGET_NAME)";
				SWIFT_VERSION = 4.0;
				TARGETED_DEVICE_FAMILY = "1,2";
				TEST_TARGET_NAME = Practice;
			};
			name = Debug;
		};
		6F959DBD2064279C00C7B971 /* Release */ = {
			isa = XCBuildConfiguration;
			buildSettings = {
				ALWAYS_EMBED_SWIFT_STANDARD_LIBRARIES = YES;
				CODE_SIGN_STYLE = Automatic;
				INFOPLIST_FILE = PracticeUITests/Info.plist;
				LD_RUNPATH_SEARCH_PATHS = "$(inherited) @executable_path/Frameworks @loader_path/Frameworks";
				PRODUCT_BUNDLE_IDENTIFIER = com.mycompany.PracticeUITests;
				PRODUCT_NAME = "$(TARGET_NAME)";
				SWIFT_VERSION = 4.0;
				TARGETED_DEVICE_FAMILY = "1,2";
				TEST_TARGET_NAME = Practice;
			};
			name = Release;
		};
/* End XCBuildConfiguration section */

/* Begin XCConfigurationList section */
		6F959D852064279C00C7B971 /* Build configuration list for PBXProject "Practice" */ = {
			isa = XCConfigurationList;
			buildConfigurations = (
				6F959DB32064279C00C7B971 /* Debug */,
				6F959DB42064279C00C7B971 /* Release */,
			);
			defaultConfigurationIsVisible = 0;
			defaultConfigurationName = Release;
		};
		6F959DB52064279C00C7B971 /* Build configuration list for PBXNativeTarget "Practice" */ = {
			isa = XCConfigurationList;
			buildConfigurations = (
				6F959DB62064279C00C7B971 /* Debug */,
				6F959DB72064279C00C7B971 /* Release */,
			);
			defaultConfigurationIsVisible = 0;
			defaultConfigurationName = Release;
		};
		6F959DB82064279C00C7B971 /* Build configuration list for PBXNativeTarget "PracticeTests" */ = {
			isa = XCConfigurationList;
			buildConfigurations = (
				6F959DB92064279C00C7B971 /* Debug */,
				6F959DBA2064279C00C7B971 /* Release */,
			);
			defaultConfigurationIsVisible = 0;
			defaultConfigurationName = Release;
		};
		6F959DBB2064279C00C7B971 /* Build configuration list for PBXNativeTarget "PracticeUITests" */ = {
			isa = XCConfigurationList;
			buildConfigurations = (
				6F959DBC2064279C00C7B971 /* Debug */,
				6F959DBD2064279C00C7B971 /* Release */,
			);
			defaultConfigurationIsVisible = 0;
			defaultConfigurationName = Release;
		};
/* End XCConfigurationList section */

/* Begin XCVersionGroup section */
		6F959D942064279C00C7B971 /* Practice.xcdatamodeld */ = {
			isa = XCVersionGroup;
			children = (
				6F959D952064279C00C7B971 /* Practice.xcdatamodel */,
			);
			currentVersion = 6F959D952064279C00C7B971 /* Practice.xcdatamodel */;
			path = Practice.xcdatamodeld;
			sourceTree = "<group>";
			versionGroupType = wrapper.xcdatamodel;
		};
/* End XCVersionGroup section */
	};
	rootObject = 6F959D822064279C00C7B971 /* Project object */;
}
